// !$*UTF8*$!
{
	archiveVersion = 1;
	classes = {
	};
	objectVersion = 51;
	objects = {

/* Begin PBXBuildFile section */
		21B088DAC0D17EF4CB2D9989 /* Pods_GameStore_GameStoreUITests.framework in Frameworks */ = {isa = PBXBuildFile; fileRef = 94AB995B30177E5C4B5358BE /* Pods_GameStore_GameStoreUITests.framework */; };
		AD07C1DE1B9A97504445211B /* Pods_GameStoreTests.framework in Frameworks */ = {isa = PBXBuildFile; fileRef = C42AFC7BB88448B974560798 /* Pods_GameStoreTests.framework */; };
		AF2B788C23F42271009C1474 /* FavoriteCellViewModel.swift in Sources */ = {isa = PBXBuildFile; fileRef = AF2B788B23F42271009C1474 /* FavoriteCellViewModel.swift */; };
		AF2B789023F42394009C1474 /* SearchCollectionViewCell.swift in Sources */ = {isa = PBXBuildFile; fileRef = AF2B788F23F42394009C1474 /* SearchCollectionViewCell.swift */; };
		AF2B789223F433B9009C1474 /* SearchCollectionViewCell.xib in Resources */ = {isa = PBXBuildFile; fileRef = AF2B789123F433B9009C1474 /* SearchCollectionViewCell.xib */; };
		AF2B789423F433E7009C1474 /* SearchCellViewModel.swift in Sources */ = {isa = PBXBuildFile; fileRef = AF2B789323F433E7009C1474 /* SearchCellViewModel.swift */; };
		AF2B789923F43463009C1474 /* FavoriteCollectionViewCell.swift in Sources */ = {isa = PBXBuildFile; fileRef = AF2B789823F43463009C1474 /* FavoriteCollectionViewCell.swift */; };
		AF2B789B23F43736009C1474 /* FavoriteViewModel.swift in Sources */ = {isa = PBXBuildFile; fileRef = AF2B789A23F43736009C1474 /* FavoriteViewModel.swift */; };
		AF2B789D23F45EAC009C1474 /* FavoriteCollectionViewCell.xib in Resources */ = {isa = PBXBuildFile; fileRef = AF2B789523F43405009C1474 /* FavoriteCollectionViewCell.xib */; };
		AF2B78A123F48CF8009C1474 /* DetailsViewController.swift in Sources */ = {isa = PBXBuildFile; fileRef = AF2B789F23F48CF8009C1474 /* DetailsViewController.swift */; };
		AF2B78A223F48CF8009C1474 /* DetailsViewController.xib in Resources */ = {isa = PBXBuildFile; fileRef = AF2B78A023F48CF8009C1474 /* DetailsViewController.xib */; };
		AF2B78A423F4921A009C1474 /* UILabelView+isTruncated.swift in Sources */ = {isa = PBXBuildFile; fileRef = AF2B78A323F4921A009C1474 /* UILabelView+isTruncated.swift */; };
		AF5964ED23F5217200148996 /* DetailsViewModel.swift in Sources */ = {isa = PBXBuildFile; fileRef = AF5964EC23F5217200148996 /* DetailsViewModel.swift */; };
		AF6F6BE223F19EAF00995123 /* ClassName.swift in Sources */ = {isa = PBXBuildFile; fileRef = AF6F6BE123F19EAF00995123 /* ClassName.swift */; };
		AF6F6BE423F19ED600995123 /* UITableView+register.swift in Sources */ = {isa = PBXBuildFile; fileRef = AF6F6BE323F19ED600995123 /* UITableView+register.swift */; };
		AF6F6BE623F19F3500995123 /* UICollectionView+register.swift in Sources */ = {isa = PBXBuildFile; fileRef = AF6F6BE523F19F3500995123 /* UICollectionView+register.swift */; };
		AF7F66B323F17662006662A4 /* AppDelegate.swift in Sources */ = {isa = PBXBuildFile; fileRef = AF7F66B223F17662006662A4 /* AppDelegate.swift */; };
		AF7F66BC23F17667006662A4 /* Assets.xcassets in Resources */ = {isa = PBXBuildFile; fileRef = AF7F66BB23F17667006662A4 /* Assets.xcassets */; };
		AF7F66BF23F17667006662A4 /* LaunchScreen.storyboard in Resources */ = {isa = PBXBuildFile; fileRef = AF7F66BD23F17667006662A4 /* LaunchScreen.storyboard */; };
		AF7F66CA23F17668006662A4 /* GamesAppTests.swift in Sources */ = {isa = PBXBuildFile; fileRef = AF7F66C923F17668006662A4 /* GamesAppTests.swift */; };
		AF7F66D523F17668006662A4 /* GamesAppUITests.swift in Sources */ = {isa = PBXBuildFile; fileRef = AF7F66D423F17668006662A4 /* GamesAppUITests.swift */; };
		AF7F66E423F17705006662A4 /* SearchViewController.swift in Sources */ = {isa = PBXBuildFile; fileRef = AF7F66E223F17705006662A4 /* SearchViewController.swift */; };
		AF7F66E523F17705006662A4 /* SearchViewController.xib in Resources */ = {isa = PBXBuildFile; fileRef = AF7F66E323F17705006662A4 /* SearchViewController.xib */; };
		AF7F66E923F17779006662A4 /* MainViewController.swift in Sources */ = {isa = PBXBuildFile; fileRef = AF7F66E823F17779006662A4 /* MainViewController.swift */; };
		AF7F66F023F17941006662A4 /* FavoriteViewController.swift in Sources */ = {isa = PBXBuildFile; fileRef = AF7F66EE23F17941006662A4 /* FavoriteViewController.swift */; };
		AF7F66F123F17941006662A4 /* FavoriteViewController.xib in Resources */ = {isa = PBXBuildFile; fileRef = AF7F66EF23F17941006662A4 /* FavoriteViewController.xib */; };
		AF9AE87723F2D01C00914BB5 /* LoadingCollectionViewCell.swift in Sources */ = {isa = PBXBuildFile; fileRef = AF9AE87523F2D01C00914BB5 /* LoadingCollectionViewCell.swift */; };
		AF9AE87823F2D01C00914BB5 /* LoadingCollectionViewCell.xib in Resources */ = {isa = PBXBuildFile; fileRef = AF9AE87623F2D01C00914BB5 /* LoadingCollectionViewCell.xib */; };
		AF9AE87B23F31EAC00914BB5 /* FavoriteRepository.swift in Sources */ = {isa = PBXBuildFile; fileRef = AF9AE87A23F31EAC00914BB5 /* FavoriteRepository.swift */; };
		AF9AE87E23F400A300914BB5 /* LocalStorage.swift in Sources */ = {isa = PBXBuildFile; fileRef = AF9AE87D23F400A300914BB5 /* LocalStorage.swift */; };
		AF9CFD9A23F5CD450061E3F4 /* AlertDisplay.swift in Sources */ = {isa = PBXBuildFile; fileRef = AF9CFD9923F5CD450061E3F4 /* AlertDisplay.swift */; };
		AF9CFD9D23F5D96C0061E3F4 /* WebViewController.swift in Sources */ = {isa = PBXBuildFile; fileRef = AF9CFD9B23F5D96C0061E3F4 /* WebViewController.swift */; };
		AF9CFD9E23F5D96C0061E3F4 /* WebViewController.xib in Resources */ = {isa = PBXBuildFile; fileRef = AF9CFD9C23F5D96C0061E3F4 /* WebViewController.xib */; };
		AF9CFDAB23F60D200061E3F4 /* GameRepository.swift in Sources */ = {isa = PBXBuildFile; fileRef = AF9CFDAA23F60D200061E3F4 /* GameRepository.swift */; };
		AF9CFDAD23F616980061E3F4 /* SeenItemsRepository.swift in Sources */ = {isa = PBXBuildFile; fileRef = AF9CFDAC23F616980061E3F4 /* SeenItemsRepository.swift */; };
		AFB662EC23F5295500EDBC24 /* GameDetails.swift in Sources */ = {isa = PBXBuildFile; fileRef = AFB662EB23F5295500EDBC24 /* GameDetails.swift */; };
		AFB662EF23F53AB500EDBC24 /* GradientView.swift in Sources */ = {isa = PBXBuildFile; fileRef = AFB662EE23F53AB500EDBC24 /* GradientView.swift */; };
		AFB662F123F5419F00EDBC24 /* String+htmlStripped.swift in Sources */ = {isa = PBXBuildFile; fileRef = AFB662F023F5419E00EDBC24 /* String+htmlStripped.swift */; };
		AFB662F423F5583F00EDBC24 /* Notifications.swift in Sources */ = {isa = PBXBuildFile; fileRef = AFB662F323F5583E00EDBC24 /* Notifications.swift */; };
		AFC8CF2623F29772005EEFD0 /* GamesService.swift in Sources */ = {isa = PBXBuildFile; fileRef = AFC8CF2523F29772005EEFD0 /* GamesService.swift */; };
		AFC8CF2B23F298F1005EEFD0 /* SearchGamesResponse.swift in Sources */ = {isa = PBXBuildFile; fileRef = AFC8CF2A23F298F1005EEFD0 /* SearchGamesResponse.swift */; };
		AFD5BFEE23F1AD920076D158 /* R.generated.swift in Sources */ = {isa = PBXBuildFile; fileRef = AFD5BFED23F1AD910076D158 /* R.generated.swift */; };
		AFD5C01223F28C990076D158 /* SearchViewModel.swift in Sources */ = {isa = PBXBuildFile; fileRef = AFD5C01123F28C990076D158 /* SearchViewModel.swift */; };
		AFD5C01623F291C20076D158 /* Networking.swift in Sources */ = {isa = PBXBuildFile; fileRef = AFD5C01523F291C20076D158 /* Networking.swift */; };
		AFD5C01923F292020076D158 /* EndpointProviding.swift in Sources */ = {isa = PBXBuildFile; fileRef = AFD5C01823F292020076D158 /* EndpointProviding.swift */; };
		AFD5C01F23F292C80076D158 /* GamesEndpoint.swift in Sources */ = {isa = PBXBuildFile; fileRef = AFD5C01E23F292C80076D158 /* GamesEndpoint.swift */; };
		AFD5C02223F293070076D158 /* URLComponents+addQuery.swift in Sources */ = {isa = PBXBuildFile; fileRef = AFD5C02123F293070076D158 /* URLComponents+addQuery.swift */; };
		AFD5C02423F295430076D158 /* AppConstants.swift in Sources */ = {isa = PBXBuildFile; fileRef = AFD5C02323F295430076D158 /* AppConstants.swift */; };
		AFD5C02723F296EC0076D158 /* RequestPath.swift in Sources */ = {isa = PBXBuildFile; fileRef = AFD5C02623F296EC0076D158 /* RequestPath.swift */; };
		BF98C9366CB401400F42534E /* Pods_GameStore.framework in Frameworks */ = {isa = PBXBuildFile; fileRef = 2FF98F1804876BD2BE21552A /* Pods_GameStore.framework */; };
/* End PBXBuildFile section */

/* Begin PBXContainerItemProxy section */
		AF7F66C623F17668006662A4 /* PBXContainerItemProxy */ = {
			isa = PBXContainerItemProxy;
			containerPortal = AF7F66A723F17662006662A4 /* Project object */;
			proxyType = 1;
			remoteGlobalIDString = AF7F66AE23F17662006662A4;
			remoteInfo = GamesApp;
		};
		AF7F66D123F17668006662A4 /* PBXContainerItemProxy */ = {
			isa = PBXContainerItemProxy;
			containerPortal = AF7F66A723F17662006662A4 /* Project object */;
			proxyType = 1;
			remoteGlobalIDString = AF7F66AE23F17662006662A4;
			remoteInfo = GamesApp;
		};
/* End PBXContainerItemProxy section */

/* Begin PBXFileReference section */
		1057D7D849845EA55C7D8DC2 /* Pods-GamesApp-GamesAppUITests.debug.xcconfig */ = {isa = PBXFileReference; includeInIndex = 1; lastKnownFileType = text.xcconfig; name = "Pods-GamesApp-GamesAppUITests.debug.xcconfig"; path = "Target Support Files/Pods-GamesApp-GamesAppUITests/Pods-GamesApp-GamesAppUITests.debug.xcconfig"; sourceTree = "<group>"; };
		20CBD3CCCC9D3CC730B1DAF7 /* Pods-GamesApp.debug.xcconfig */ = {isa = PBXFileReference; includeInIndex = 1; lastKnownFileType = text.xcconfig; name = "Pods-GamesApp.debug.xcconfig"; path = "Target Support Files/Pods-GamesApp/Pods-GamesApp.debug.xcconfig"; sourceTree = "<group>"; };
		2A1184CEF3FCBFF2DD8DF984 /* Pods-GameStore-GameStoreUITests.debug.xcconfig */ = {isa = PBXFileReference; includeInIndex = 1; lastKnownFileType = text.xcconfig; name = "Pods-GameStore-GameStoreUITests.debug.xcconfig"; path = "Target Support Files/Pods-GameStore-GameStoreUITests/Pods-GameStore-GameStoreUITests.debug.xcconfig"; sourceTree = "<group>"; };
		2FF98F1804876BD2BE21552A /* Pods_GameStore.framework */ = {isa = PBXFileReference; explicitFileType = wrapper.framework; includeInIndex = 0; path = Pods_GameStore.framework; sourceTree = BUILT_PRODUCTS_DIR; };
		393F42DEB7D7470B2442AFA9 /* Pods-GamesAppTests.debug.xcconfig */ = {isa = PBXFileReference; includeInIndex = 1; lastKnownFileType = text.xcconfig; name = "Pods-GamesAppTests.debug.xcconfig"; path = "Target Support Files/Pods-GamesAppTests/Pods-GamesAppTests.debug.xcconfig"; sourceTree = "<group>"; };
		46B3EDD3987344BBA87FE0D9 /* Pods-GamesApp.release.xcconfig */ = {isa = PBXFileReference; includeInIndex = 1; lastKnownFileType = text.xcconfig; name = "Pods-GamesApp.release.xcconfig"; path = "Target Support Files/Pods-GamesApp/Pods-GamesApp.release.xcconfig"; sourceTree = "<group>"; };
		72B3BDAD63E1785D685CADBA /* Pods-GamesAppTests.release.xcconfig */ = {isa = PBXFileReference; includeInIndex = 1; lastKnownFileType = text.xcconfig; name = "Pods-GamesAppTests.release.xcconfig"; path = "Target Support Files/Pods-GamesAppTests/Pods-GamesAppTests.release.xcconfig"; sourceTree = "<group>"; };
		80A8302497847009DAA9AF36 /* Pods-GameStore.release.xcconfig */ = {isa = PBXFileReference; includeInIndex = 1; lastKnownFileType = text.xcconfig; name = "Pods-GameStore.release.xcconfig"; path = "Target Support Files/Pods-GameStore/Pods-GameStore.release.xcconfig"; sourceTree = "<group>"; };
		94AB995B30177E5C4B5358BE /* Pods_GameStore_GameStoreUITests.framework */ = {isa = PBXFileReference; explicitFileType = wrapper.framework; includeInIndex = 0; path = Pods_GameStore_GameStoreUITests.framework; sourceTree = BUILT_PRODUCTS_DIR; };
		99A9AD65EE2E4BED11DFE694 /* Pods-GameStoreTests.release.xcconfig */ = {isa = PBXFileReference; includeInIndex = 1; lastKnownFileType = text.xcconfig; name = "Pods-GameStoreTests.release.xcconfig"; path = "Target Support Files/Pods-GameStoreTests/Pods-GameStoreTests.release.xcconfig"; sourceTree = "<group>"; };
		AC94668DF3A4B4C5BAD9D25C /* Pods-GameStore.debug.xcconfig */ = {isa = PBXFileReference; includeInIndex = 1; lastKnownFileType = text.xcconfig; name = "Pods-GameStore.debug.xcconfig"; path = "Target Support Files/Pods-GameStore/Pods-GameStore.debug.xcconfig"; sourceTree = "<group>"; };
		ADDDE153D2877BD4344026C0 /* Pods-GameStore-GameStoreUITests.release.xcconfig */ = {isa = PBXFileReference; includeInIndex = 1; lastKnownFileType = text.xcconfig; name = "Pods-GameStore-GameStoreUITests.release.xcconfig"; path = "Target Support Files/Pods-GameStore-GameStoreUITests/Pods-GameStore-GameStoreUITests.release.xcconfig"; sourceTree = "<group>"; };
		AF2B788B23F42271009C1474 /* FavoriteCellViewModel.swift */ = {isa = PBXFileReference; lastKnownFileType = sourcecode.swift; path = FavoriteCellViewModel.swift; sourceTree = "<group>"; };
		AF2B788F23F42394009C1474 /* SearchCollectionViewCell.swift */ = {isa = PBXFileReference; lastKnownFileType = sourcecode.swift; path = SearchCollectionViewCell.swift; sourceTree = "<group>"; };
		AF2B789123F433B9009C1474 /* SearchCollectionViewCell.xib */ = {isa = PBXFileReference; fileEncoding = 4; lastKnownFileType = file.xib; path = SearchCollectionViewCell.xib; sourceTree = "<group>"; };
		AF2B789323F433E7009C1474 /* SearchCellViewModel.swift */ = {isa = PBXFileReference; lastKnownFileType = sourcecode.swift; path = SearchCellViewModel.swift; sourceTree = "<group>"; };
		AF2B789523F43405009C1474 /* FavoriteCollectionViewCell.xib */ = {isa = PBXFileReference; lastKnownFileType = file.xib; path = FavoriteCollectionViewCell.xib; sourceTree = "<group>"; };
		AF2B789823F43463009C1474 /* FavoriteCollectionViewCell.swift */ = {isa = PBXFileReference; lastKnownFileType = sourcecode.swift; path = FavoriteCollectionViewCell.swift; sourceTree = "<group>"; };
		AF2B789A23F43736009C1474 /* FavoriteViewModel.swift */ = {isa = PBXFileReference; lastKnownFileType = sourcecode.swift; path = FavoriteViewModel.swift; sourceTree = "<group>"; };
		AF2B789F23F48CF8009C1474 /* DetailsViewController.swift */ = {isa = PBXFileReference; lastKnownFileType = sourcecode.swift; path = DetailsViewController.swift; sourceTree = "<group>"; };
		AF2B78A023F48CF8009C1474 /* DetailsViewController.xib */ = {isa = PBXFileReference; lastKnownFileType = file.xib; path = DetailsViewController.xib; sourceTree = "<group>"; };
		AF2B78A323F4921A009C1474 /* UILabelView+isTruncated.swift */ = {isa = PBXFileReference; lastKnownFileType = sourcecode.swift; path = "UILabelView+isTruncated.swift"; sourceTree = "<group>"; };
		AF5964EC23F5217200148996 /* DetailsViewModel.swift */ = {isa = PBXFileReference; lastKnownFileType = sourcecode.swift; path = DetailsViewModel.swift; sourceTree = "<group>"; };
		AF6F6BE123F19EAF00995123 /* ClassName.swift */ = {isa = PBXFileReference; lastKnownFileType = sourcecode.swift; path = ClassName.swift; sourceTree = "<group>"; };
		AF6F6BE323F19ED600995123 /* UITableView+register.swift */ = {isa = PBXFileReference; lastKnownFileType = sourcecode.swift; path = "UITableView+register.swift"; sourceTree = "<group>"; };
		AF6F6BE523F19F3500995123 /* UICollectionView+register.swift */ = {isa = PBXFileReference; lastKnownFileType = sourcecode.swift; path = "UICollectionView+register.swift"; sourceTree = "<group>"; };
		AF7F66AF23F17662006662A4 /* GameStore.app */ = {isa = PBXFileReference; explicitFileType = wrapper.application; includeInIndex = 0; path = GameStore.app; sourceTree = BUILT_PRODUCTS_DIR; };
		AF7F66B223F17662006662A4 /* AppDelegate.swift */ = {isa = PBXFileReference; lastKnownFileType = sourcecode.swift; path = AppDelegate.swift; sourceTree = "<group>"; };
		AF7F66BB23F17667006662A4 /* Assets.xcassets */ = {isa = PBXFileReference; lastKnownFileType = folder.assetcatalog; path = Assets.xcassets; sourceTree = "<group>"; };
		AF7F66BE23F17667006662A4 /* Base */ = {isa = PBXFileReference; lastKnownFileType = file.storyboard; name = Base; path = Base.lproj/LaunchScreen.storyboard; sourceTree = "<group>"; };
		AF7F66C023F17667006662A4 /* Info.plist */ = {isa = PBXFileReference; lastKnownFileType = text.plist.xml; path = Info.plist; sourceTree = "<group>"; };
		AF7F66C523F17668006662A4 /* GameStoreTests.xctest */ = {isa = PBXFileReference; explicitFileType = wrapper.cfbundle; includeInIndex = 0; path = GameStoreTests.xctest; sourceTree = BUILT_PRODUCTS_DIR; };
		AF7F66C923F17668006662A4 /* GamesAppTests.swift */ = {isa = PBXFileReference; lastKnownFileType = sourcecode.swift; path = GamesAppTests.swift; sourceTree = "<group>"; };
		AF7F66CB23F17668006662A4 /* Info.plist */ = {isa = PBXFileReference; lastKnownFileType = text.plist.xml; path = Info.plist; sourceTree = "<group>"; };
		AF7F66D023F17668006662A4 /* GameStoreUITests.xctest */ = {isa = PBXFileReference; explicitFileType = wrapper.cfbundle; includeInIndex = 0; path = GameStoreUITests.xctest; sourceTree = BUILT_PRODUCTS_DIR; };
		AF7F66D423F17668006662A4 /* GamesAppUITests.swift */ = {isa = PBXFileReference; lastKnownFileType = sourcecode.swift; path = GamesAppUITests.swift; sourceTree = "<group>"; };
		AF7F66D623F17668006662A4 /* Info.plist */ = {isa = PBXFileReference; lastKnownFileType = text.plist.xml; path = Info.plist; sourceTree = "<group>"; };
		AF7F66E223F17705006662A4 /* SearchViewController.swift */ = {isa = PBXFileReference; lastKnownFileType = sourcecode.swift; path = SearchViewController.swift; sourceTree = "<group>"; };
		AF7F66E323F17705006662A4 /* SearchViewController.xib */ = {isa = PBXFileReference; lastKnownFileType = file.xib; path = SearchViewController.xib; sourceTree = "<group>"; };
		AF7F66E823F17779006662A4 /* MainViewController.swift */ = {isa = PBXFileReference; lastKnownFileType = sourcecode.swift; path = MainViewController.swift; sourceTree = "<group>"; };
		AF7F66EE23F17941006662A4 /* FavoriteViewController.swift */ = {isa = PBXFileReference; lastKnownFileType = sourcecode.swift; path = FavoriteViewController.swift; sourceTree = "<group>"; };
		AF7F66EF23F17941006662A4 /* FavoriteViewController.xib */ = {isa = PBXFileReference; lastKnownFileType = file.xib; path = FavoriteViewController.xib; sourceTree = "<group>"; };
		AF9AE87523F2D01C00914BB5 /* LoadingCollectionViewCell.swift */ = {isa = PBXFileReference; lastKnownFileType = sourcecode.swift; path = LoadingCollectionViewCell.swift; sourceTree = "<group>"; };
		AF9AE87623F2D01C00914BB5 /* LoadingCollectionViewCell.xib */ = {isa = PBXFileReference; lastKnownFileType = file.xib; path = LoadingCollectionViewCell.xib; sourceTree = "<group>"; };
		AF9AE87A23F31EAC00914BB5 /* FavoriteRepository.swift */ = {isa = PBXFileReference; lastKnownFileType = sourcecode.swift; path = FavoriteRepository.swift; sourceTree = "<group>"; };
		AF9AE87D23F400A300914BB5 /* LocalStorage.swift */ = {isa = PBXFileReference; lastKnownFileType = sourcecode.swift; path = LocalStorage.swift; sourceTree = "<group>"; };
		AF9CFD9923F5CD450061E3F4 /* AlertDisplay.swift */ = {isa = PBXFileReference; lastKnownFileType = sourcecode.swift; path = AlertDisplay.swift; sourceTree = "<group>"; };
		AF9CFD9B23F5D96C0061E3F4 /* WebViewController.swift */ = {isa = PBXFileReference; lastKnownFileType = sourcecode.swift; path = WebViewController.swift; sourceTree = "<group>"; };
		AF9CFD9C23F5D96C0061E3F4 /* WebViewController.xib */ = {isa = PBXFileReference; lastKnownFileType = file.xib; path = WebViewController.xib; sourceTree = "<group>"; };
		AF9CFDAA23F60D200061E3F4 /* GameRepository.swift */ = {isa = PBXFileReference; lastKnownFileType = sourcecode.swift; path = GameRepository.swift; sourceTree = "<group>"; };
		AF9CFDAC23F616980061E3F4 /* SeenItemsRepository.swift */ = {isa = PBXFileReference; lastKnownFileType = sourcecode.swift; path = SeenItemsRepository.swift; sourceTree = "<group>"; };
		AFB662EB23F5295500EDBC24 /* GameDetails.swift */ = {isa = PBXFileReference; lastKnownFileType = sourcecode.swift; path = GameDetails.swift; sourceTree = "<group>"; };
		AFB662EE23F53AB500EDBC24 /* GradientView.swift */ = {isa = PBXFileReference; lastKnownFileType = sourcecode.swift; path = GradientView.swift; sourceTree = "<group>"; };
		AFB662F023F5419E00EDBC24 /* String+htmlStripped.swift */ = {isa = PBXFileReference; lastKnownFileType = sourcecode.swift; path = "String+htmlStripped.swift"; sourceTree = "<group>"; };
		AFB662F323F5583E00EDBC24 /* Notifications.swift */ = {isa = PBXFileReference; lastKnownFileType = sourcecode.swift; path = Notifications.swift; sourceTree = "<group>"; };
		AFC8CF2523F29772005EEFD0 /* GamesService.swift */ = {isa = PBXFileReference; lastKnownFileType = sourcecode.swift; path = GamesService.swift; sourceTree = "<group>"; };
		AFC8CF2A23F298F1005EEFD0 /* SearchGamesResponse.swift */ = {isa = PBXFileReference; lastKnownFileType = sourcecode.swift; path = SearchGamesResponse.swift; sourceTree = "<group>"; };
		AFD5BFED23F1AD910076D158 /* R.generated.swift */ = {isa = PBXFileReference; fileEncoding = 4; lastKnownFileType = sourcecode.swift; path = R.generated.swift; sourceTree = "<group>"; };
		AFD5C01123F28C990076D158 /* SearchViewModel.swift */ = {isa = PBXFileReference; lastKnownFileType = sourcecode.swift; path = SearchViewModel.swift; sourceTree = "<group>"; };
		AFD5C01523F291C20076D158 /* Networking.swift */ = {isa = PBXFileReference; lastKnownFileType = sourcecode.swift; path = Networking.swift; sourceTree = "<group>"; };
		AFD5C01823F292020076D158 /* EndpointProviding.swift */ = {isa = PBXFileReference; lastKnownFileType = sourcecode.swift; path = EndpointProviding.swift; sourceTree = "<group>"; };
		AFD5C01E23F292C80076D158 /* GamesEndpoint.swift */ = {isa = PBXFileReference; lastKnownFileType = sourcecode.swift; path = GamesEndpoint.swift; sourceTree = "<group>"; };
		AFD5C02123F293070076D158 /* URLComponents+addQuery.swift */ = {isa = PBXFileReference; lastKnownFileType = sourcecode.swift; path = "URLComponents+addQuery.swift"; sourceTree = "<group>"; };
		AFD5C02323F295430076D158 /* AppConstants.swift */ = {isa = PBXFileReference; lastKnownFileType = sourcecode.swift; path = AppConstants.swift; sourceTree = "<group>"; };
		AFD5C02623F296EC0076D158 /* RequestPath.swift */ = {isa = PBXFileReference; lastKnownFileType = sourcecode.swift; path = RequestPath.swift; sourceTree = "<group>"; };
		C42AFC7BB88448B974560798 /* Pods_GameStoreTests.framework */ = {isa = PBXFileReference; explicitFileType = wrapper.framework; includeInIndex = 0; path = Pods_GameStoreTests.framework; sourceTree = BUILT_PRODUCTS_DIR; };
		D3F1D81405CD46B4140B1D77 /* Pods-GamesApp-GamesAppUITests.release.xcconfig */ = {isa = PBXFileReference; includeInIndex = 1; lastKnownFileType = text.xcconfig; name = "Pods-GamesApp-GamesAppUITests.release.xcconfig"; path = "Target Support Files/Pods-GamesApp-GamesAppUITests/Pods-GamesApp-GamesAppUITests.release.xcconfig"; sourceTree = "<group>"; };
		F8EE144B99A25C39CDC8880C /* Pods-GameStoreTests.debug.xcconfig */ = {isa = PBXFileReference; includeInIndex = 1; lastKnownFileType = text.xcconfig; name = "Pods-GameStoreTests.debug.xcconfig"; path = "Target Support Files/Pods-GameStoreTests/Pods-GameStoreTests.debug.xcconfig"; sourceTree = "<group>"; };
/* End PBXFileReference section */

/* Begin PBXFrameworksBuildPhase section */
		AF7F66AC23F17662006662A4 /* Frameworks */ = {
			isa = PBXFrameworksBuildPhase;
			buildActionMask = 2147483647;
			files = (
				BF98C9366CB401400F42534E /* Pods_GameStore.framework in Frameworks */,
			);
			runOnlyForDeploymentPostprocessing = 0;
		};
		AF7F66C223F17668006662A4 /* Frameworks */ = {
			isa = PBXFrameworksBuildPhase;
			buildActionMask = 2147483647;
			files = (
				AD07C1DE1B9A97504445211B /* Pods_GameStoreTests.framework in Frameworks */,
			);
			runOnlyForDeploymentPostprocessing = 0;
		};
		AF7F66CD23F17668006662A4 /* Frameworks */ = {
			isa = PBXFrameworksBuildPhase;
			buildActionMask = 2147483647;
			files = (
				21B088DAC0D17EF4CB2D9989 /* Pods_GameStore_GameStoreUITests.framework in Frameworks */,
			);
			runOnlyForDeploymentPostprocessing = 0;
		};
/* End PBXFrameworksBuildPhase section */

/* Begin PBXGroup section */
		72F98BD9ECFB0052688E62C2 /* Pods */ = {
			isa = PBXGroup;
			children = (
				20CBD3CCCC9D3CC730B1DAF7 /* Pods-GamesApp.debug.xcconfig */,
				46B3EDD3987344BBA87FE0D9 /* Pods-GamesApp.release.xcconfig */,
				1057D7D849845EA55C7D8DC2 /* Pods-GamesApp-GamesAppUITests.debug.xcconfig */,
				D3F1D81405CD46B4140B1D77 /* Pods-GamesApp-GamesAppUITests.release.xcconfig */,
				393F42DEB7D7470B2442AFA9 /* Pods-GamesAppTests.debug.xcconfig */,
				72B3BDAD63E1785D685CADBA /* Pods-GamesAppTests.release.xcconfig */,
				AC94668DF3A4B4C5BAD9D25C /* Pods-GameStore.debug.xcconfig */,
				80A8302497847009DAA9AF36 /* Pods-GameStore.release.xcconfig */,
				2A1184CEF3FCBFF2DD8DF984 /* Pods-GameStore-GameStoreUITests.debug.xcconfig */,
				ADDDE153D2877BD4344026C0 /* Pods-GameStore-GameStoreUITests.release.xcconfig */,
				F8EE144B99A25C39CDC8880C /* Pods-GameStoreTests.debug.xcconfig */,
				99A9AD65EE2E4BED11DFE694 /* Pods-GameStoreTests.release.xcconfig */,
			);
			path = Pods;
			sourceTree = "<group>";
		};
		782B61625F6DCF9B33E635D4 /* Frameworks */ = {
			isa = PBXGroup;
			children = (
				2FF98F1804876BD2BE21552A /* Pods_GameStore.framework */,
				94AB995B30177E5C4B5358BE /* Pods_GameStore_GameStoreUITests.framework */,
				C42AFC7BB88448B974560798 /* Pods_GameStoreTests.framework */,
			);
			name = Frameworks;
			sourceTree = "<group>";
		};
		AF0E448123F180F40011CDD9 /* App */ = {
			isa = PBXGroup;
			children = (
				AF7F66B223F17662006662A4 /* AppDelegate.swift */,
				AFD5C02323F295430076D158 /* AppConstants.swift */,
			);
			path = App;
			sourceTree = "<group>";
		};
		AF0E448223F180FE0011CDD9 /* Core */ = {
			isa = PBXGroup;
			children = (
				AFC8CF2923F298E5005EEFD0 /* Models */,
				AFD5C01723F291CB0076D158 /* Networking */,
			);
			path = Core;
			sourceTree = "<group>";
		};
		AF2B789E23F48CC2009C1474 /* Details */ = {
			isa = PBXGroup;
			children = (
				AF9CFDA823F602520061E3F4 /* View */,
				AF9CFDA723F602460061E3F4 /* ViewController */,
				AF9CFDA923F602630061E3F4 /* ViewModel */,
			);
			path = Details;
			sourceTree = "<group>";
		};
		AF6F6BE023F19E7700995123 /* Extensions */ = {
			isa = PBXGroup;
			children = (
				AF6F6BE123F19EAF00995123 /* ClassName.swift */,
				AF6F6BE323F19ED600995123 /* UITableView+register.swift */,
				AF6F6BE523F19F3500995123 /* UICollectionView+register.swift */,
				AFD5C02123F293070076D158 /* URLComponents+addQuery.swift */,
				AF2B78A323F4921A009C1474 /* UILabelView+isTruncated.swift */,
				AFB662F023F5419E00EDBC24 /* String+htmlStripped.swift */,
			);
			path = Extensions;
			sourceTree = "<group>";
		};
		AF7F66A623F17662006662A4 = {
			isa = PBXGroup;
			children = (
				AF7F66B123F17662006662A4 /* GameStore */,
				AF7F66C823F17668006662A4 /* GameStoreTests */,
				AF7F66D323F17668006662A4 /* GamesStoreUITests */,
				AF7F66B023F17662006662A4 /* Products */,
				72F98BD9ECFB0052688E62C2 /* Pods */,
				782B61625F6DCF9B33E635D4 /* Frameworks */,
			);
			sourceTree = "<group>";
		};
		AF7F66B023F17662006662A4 /* Products */ = {
			isa = PBXGroup;
			children = (
				AF7F66AF23F17662006662A4 /* GameStore.app */,
				AF7F66C523F17668006662A4 /* GameStoreTests.xctest */,
				AF7F66D023F17668006662A4 /* GameStoreUITests.xctest */,
			);
			name = Products;
			sourceTree = "<group>";
		};
		AF7F66B123F17662006662A4 /* GameStore */ = {
			isa = PBXGroup;
			children = (
				AF0E448123F180F40011CDD9 /* App */,
				AF9AE87223F2C56600914BB5 /* Shared */,
				AF0E448223F180FE0011CDD9 /* Core */,
				AF7F66EA23F177C1006662A4 /* Features */,
				AF6F6BE023F19E7700995123 /* Extensions */,
				AF7F66EB23F177D8006662A4 /* Assets */,
				AF7F66EC23F177E6006662A4 /* SupportingFiles */,
				AFD5BFEC23F1AD910076D158 /* GeneratedFiles */,
			);
			path = GameStore;
			sourceTree = "<group>";
		};
		AF7F66C823F17668006662A4 /* GameStoreTests */ = {
			isa = PBXGroup;
			children = (
				AF7F66C923F17668006662A4 /* GamesAppTests.swift */,
				AF7F66CB23F17668006662A4 /* Info.plist */,
			);
			path = GameStoreTests;
			sourceTree = "<group>";
		};
		AF7F66D323F17668006662A4 /* GamesStoreUITests */ = {
			isa = PBXGroup;
			children = (
				AF7F66D423F17668006662A4 /* GamesAppUITests.swift */,
				AF7F66D623F17668006662A4 /* Info.plist */,
			);
			path = GamesStoreUITests;
			sourceTree = "<group>";
		};
		AF7F66E623F17722006662A4 /* Search */ = {
			isa = PBXGroup;
			children = (
				AF9CFDA123F601F40061E3F4 /* View */,
				AF9CFDA223F601FD0061E3F4 /* ViewController */,
				AF9CFD9F23F601C80061E3F4 /* ViewModel */,
				AF9CFDA023F601E90061E3F4 /* Cell */,
			);
			path = Search;
			sourceTree = "<group>";
		};
		AF7F66E723F1773A006662A4 /* Main */ = {
			isa = PBXGroup;
			children = (
				AF7F66E823F17779006662A4 /* MainViewController.swift */,
			);
			path = Main;
			sourceTree = "<group>";
		};
		AF7F66EA23F177C1006662A4 /* Features */ = {
			isa = PBXGroup;
			children = (
				AF7F66E723F1773A006662A4 /* Main */,
				AF7F66E623F17722006662A4 /* Search */,
				AF7F66ED23F1791E006662A4 /* Favorites */,
				AF2B789E23F48CC2009C1474 /* Details */,
			);
			path = Features;
			sourceTree = "<group>";
		};
		AF7F66EB23F177D8006662A4 /* Assets */ = {
			isa = PBXGroup;
			children = (
				AF7F66BB23F17667006662A4 /* Assets.xcassets */,
			);
			path = Assets;
			sourceTree = "<group>";
		};
		AF7F66EC23F177E6006662A4 /* SupportingFiles */ = {
			isa = PBXGroup;
			children = (
				AF7F66BD23F17667006662A4 /* LaunchScreen.storyboard */,
				AF7F66C023F17667006662A4 /* Info.plist */,
			);
			path = SupportingFiles;
			sourceTree = "<group>";
		};
		AF7F66ED23F1791E006662A4 /* Favorites */ = {
			isa = PBXGroup;
			children = (
				AF9CFDA423F602170061E3F4 /* View */,
				AF9CFDA323F6020D0061E3F4 /* ViewController */,
				AF9CFDA523F602220061E3F4 /* ViewModel */,
				AF9CFDA623F6022E0061E3F4 /* Cell */,
			);
			path = Favorites;
			sourceTree = "<group>";
		};
		AF9AE87223F2C56600914BB5 /* Shared */ = {
			isa = PBXGroup;
			children = (
				AFB662F223F5582A00EDBC24 /* Notifications */,
				AFB662ED23F53AA400EDBC24 /* Custom Views */,
				AF9AE88023F4021100914BB5 /* Repositories */,
				AF9AE87C23F4008700914BB5 /* Storage */,
				AF9AE87923F2D02300914BB5 /* Cell */,
			);
			path = Shared;
			sourceTree = "<group>";
		};
		AF9AE87923F2D02300914BB5 /* Cell */ = {
			isa = PBXGroup;
			children = (
				AF9AE87523F2D01C00914BB5 /* LoadingCollectionViewCell.swift */,
				AF9AE87623F2D01C00914BB5 /* LoadingCollectionViewCell.xib */,
			);
			path = Cell;
			sourceTree = "<group>";
		};
		AF9AE87C23F4008700914BB5 /* Storage */ = {
			isa = PBXGroup;
			children = (
				AF9AE87D23F400A300914BB5 /* LocalStorage.swift */,
			);
			path = Storage;
			sourceTree = "<group>";
		};
		AF9AE88023F4021100914BB5 /* Repositories */ = {
			isa = PBXGroup;
			children = (
				AF9AE87A23F31EAC00914BB5 /* FavoriteRepository.swift */,
				AF9CFDAA23F60D200061E3F4 /* GameRepository.swift */,
				AF9CFDAC23F616980061E3F4 /* SeenItemsRepository.swift */,
			);
			path = Repositories;
			sourceTree = "<group>";
		};
		AF9CFD9F23F601C80061E3F4 /* ViewModel */ = {
			isa = PBXGroup;
			children = (
				AFD5C01123F28C990076D158 /* SearchViewModel.swift */,
				AF2B789323F433E7009C1474 /* SearchCellViewModel.swift */,
			);
			path = ViewModel;
			sourceTree = "<group>";
		};
		AF9CFDA023F601E90061E3F4 /* Cell */ = {
			isa = PBXGroup;
			children = (
				AF2B788F23F42394009C1474 /* SearchCollectionViewCell.swift */,
				AF2B789123F433B9009C1474 /* SearchCollectionViewCell.xib */,
			);
			path = Cell;
			sourceTree = "<group>";
		};
		AF9CFDA123F601F40061E3F4 /* View */ = {
			isa = PBXGroup;
			children = (
				AF7F66E323F17705006662A4 /* SearchViewController.xib */,
			);
			path = View;
			sourceTree = "<group>";
		};
		AF9CFDA223F601FD0061E3F4 /* ViewController */ = {
			isa = PBXGroup;
			children = (
				AF7F66E223F17705006662A4 /* SearchViewController.swift */,
			);
			path = ViewController;
			sourceTree = "<group>";
		};
		AF9CFDA323F6020D0061E3F4 /* ViewController */ = {
			isa = PBXGroup;
			children = (
				AF7F66EE23F17941006662A4 /* FavoriteViewController.swift */,
			);
			path = ViewController;
			sourceTree = "<group>";
		};
		AF9CFDA423F602170061E3F4 /* View */ = {
			isa = PBXGroup;
			children = (
				AF7F66EF23F17941006662A4 /* FavoriteViewController.xib */,
			);
			path = View;
			sourceTree = "<group>";
		};
		AF9CFDA523F602220061E3F4 /* ViewModel */ = {
			isa = PBXGroup;
			children = (
				AF2B789A23F43736009C1474 /* FavoriteViewModel.swift */,
				AF2B788B23F42271009C1474 /* FavoriteCellViewModel.swift */,
			);
			path = ViewModel;
			sourceTree = "<group>";
		};
		AF9CFDA623F6022E0061E3F4 /* Cell */ = {
			isa = PBXGroup;
			children = (
				AF2B789823F43463009C1474 /* FavoriteCollectionViewCell.swift */,
				AF2B789523F43405009C1474 /* FavoriteCollectionViewCell.xib */,
			);
			path = Cell;
			sourceTree = "<group>";
		};
		AF9CFDA723F602460061E3F4 /* ViewController */ = {
			isa = PBXGroup;
			children = (
				AF2B789F23F48CF8009C1474 /* DetailsViewController.swift */,
				AF9CFD9B23F5D96C0061E3F4 /* WebViewController.swift */,
			);
			path = ViewController;
			sourceTree = "<group>";
		};
		AF9CFDA823F602520061E3F4 /* View */ = {
			isa = PBXGroup;
			children = (
				AF2B78A023F48CF8009C1474 /* DetailsViewController.xib */,
				AF9CFD9C23F5D96C0061E3F4 /* WebViewController.xib */,
			);
			path = View;
			sourceTree = "<group>";
		};
		AF9CFDA923F602630061E3F4 /* ViewModel */ = {
			isa = PBXGroup;
			children = (
				AF5964EC23F5217200148996 /* DetailsViewModel.swift */,
			);
			path = ViewModel;
			sourceTree = "<group>";
		};
		AFB662ED23F53AA400EDBC24 /* Custom Views */ = {
			isa = PBXGroup;
			children = (
				AFB662EE23F53AB500EDBC24 /* GradientView.swift */,
				AF9CFD9923F5CD450061E3F4 /* AlertDisplay.swift */,
			);
			path = "Custom Views";
			sourceTree = "<group>";
		};
		AFB662F223F5582A00EDBC24 /* Notifications */ = {
			isa = PBXGroup;
			children = (
				AFB662F323F5583E00EDBC24 /* Notifications.swift */,
			);
			path = Notifications;
			sourceTree = "<group>";
		};
		AFC8CF2923F298E5005EEFD0 /* Models */ = {
			isa = PBXGroup;
			children = (
				AFC8CF2A23F298F1005EEFD0 /* SearchGamesResponse.swift */,
				AFB662EB23F5295500EDBC24 /* GameDetails.swift */,
			);
			path = Models;
			sourceTree = "<group>";
		};
		AFD5BFEC23F1AD910076D158 /* GeneratedFiles */ = {
			isa = PBXGroup;
			children = (
				AFD5BFED23F1AD910076D158 /* R.generated.swift */,
			);
			path = GeneratedFiles;
			sourceTree = "<group>";
		};
		AFD5C01723F291CB0076D158 /* Networking */ = {
			isa = PBXGroup;
			children = (
				AFD5C01D23F292420076D158 /* Services */,
				AFD5C02023F292CC0076D158 /* Endpoints */,
				AFD5C01A23F292160076D158 /* Base */,
			);
			path = Networking;
			sourceTree = "<group>";
		};
		AFD5C01A23F292160076D158 /* Base */ = {
			isa = PBXGroup;
			children = (
				AFD5C01823F292020076D158 /* EndpointProviding.swift */,
				AFD5C01523F291C20076D158 /* Networking.swift */,
				AFD5C02623F296EC0076D158 /* RequestPath.swift */,
			);
			path = Base;
			sourceTree = "<group>";
		};
		AFD5C01D23F292420076D158 /* Services */ = {
			isa = PBXGroup;
			children = (
				AFC8CF2523F29772005EEFD0 /* GamesService.swift */,
			);
			path = Services;
			sourceTree = "<group>";
		};
		AFD5C02023F292CC0076D158 /* Endpoints */ = {
			isa = PBXGroup;
			children = (
				AFD5C01E23F292C80076D158 /* GamesEndpoint.swift */,
			);
			path = Endpoints;
			sourceTree = "<group>";
		};
/* End PBXGroup section */

/* Begin PBXNativeTarget section */
		AF7F66AE23F17662006662A4 /* GameStore */ = {
			isa = PBXNativeTarget;
			buildConfigurationList = AF7F66D923F17668006662A4 /* Build configuration list for PBXNativeTarget "GameStore" */;
			buildPhases = (
				CE11D99CD2EC38FB1D2A461B /* [CP] Check Pods Manifest.lock */,
				AFD5BFEA23F1AAA20076D158 /* ShellScript */,
				AF7F66AB23F17662006662A4 /* Sources */,
				AF7F66AC23F17662006662A4 /* Frameworks */,
				AF7F66AD23F17662006662A4 /* Resources */,
				85ACA02FBFD6AAB58DDD1EA9 /* [CP] Embed Pods Frameworks */,
			);
			buildRules = (
			);
			dependencies = (
			);
			name = GameStore;
			productName = GamesApp;
			productReference = AF7F66AF23F17662006662A4 /* GameStore.app */;
			productType = "com.apple.product-type.application";
		};
		AF7F66C423F17668006662A4 /* GameStoreTests */ = {
			isa = PBXNativeTarget;
			buildConfigurationList = AF7F66DC23F17668006662A4 /* Build configuration list for PBXNativeTarget "GameStoreTests" */;
			buildPhases = (
				D1F782FF4518A03354515114 /* [CP] Check Pods Manifest.lock */,
				AF7F66C123F17668006662A4 /* Sources */,
				AF7F66C223F17668006662A4 /* Frameworks */,
				AF7F66C323F17668006662A4 /* Resources */,
			);
			buildRules = (
			);
			dependencies = (
				AF7F66C723F17668006662A4 /* PBXTargetDependency */,
			);
			name = GameStoreTests;
			productName = GamesAppTests;
			productReference = AF7F66C523F17668006662A4 /* GameStoreTests.xctest */;
			productType = "com.apple.product-type.bundle.unit-test";
		};
		AF7F66CF23F17668006662A4 /* GameStoreUITests */ = {
			isa = PBXNativeTarget;
			buildConfigurationList = AF7F66DF23F17668006662A4 /* Build configuration list for PBXNativeTarget "GameStoreUITests" */;
			buildPhases = (
				AC5EAF6691B6CC0B82412009 /* [CP] Check Pods Manifest.lock */,
				AF7F66CC23F17668006662A4 /* Sources */,
				AF7F66CD23F17668006662A4 /* Frameworks */,
				AF7F66CE23F17668006662A4 /* Resources */,
				E80E463282542EE99B52585F /* [CP] Embed Pods Frameworks */,
			);
			buildRules = (
			);
			dependencies = (
				AF7F66D223F17668006662A4 /* PBXTargetDependency */,
			);
			name = GameStoreUITests;
			productName = GamesAppUITests;
			productReference = AF7F66D023F17668006662A4 /* GameStoreUITests.xctest */;
			productType = "com.apple.product-type.bundle.ui-testing";
		};
/* End PBXNativeTarget section */

/* Begin PBXProject section */
		AF7F66A723F17662006662A4 /* Project object */ = {
			isa = PBXProject;
			attributes = {
				LastSwiftUpdateCheck = 1130;
				LastUpgradeCheck = 1130;
				ORGANIZATIONNAME = Elgendy;
				TargetAttributes = {
					AF7F66AE23F17662006662A4 = {
						CreatedOnToolsVersion = 11.3.1;
					};
					AF7F66C423F17668006662A4 = {
						CreatedOnToolsVersion = 11.3.1;
						TestTargetID = AF7F66AE23F17662006662A4;
					};
					AF7F66CF23F17668006662A4 = {
						CreatedOnToolsVersion = 11.3.1;
						TestTargetID = AF7F66AE23F17662006662A4;
					};
				};
			};
			buildConfigurationList = AF7F66AA23F17662006662A4 /* Build configuration list for PBXProject "GameStore" */;
			compatibilityVersion = "Xcode 9.3";
			developmentRegion = en;
			hasScannedForEncodings = 0;
			knownRegions = (
				en,
				Base,
			);
			mainGroup = AF7F66A623F17662006662A4;
			productRefGroup = AF7F66B023F17662006662A4 /* Products */;
			projectDirPath = "";
			projectRoot = "";
			targets = (
				AF7F66AE23F17662006662A4 /* GameStore */,
				AF7F66C423F17668006662A4 /* GameStoreTests */,
				AF7F66CF23F17668006662A4 /* GameStoreUITests */,
			);
		};
/* End PBXProject section */

/* Begin PBXResourcesBuildPhase section */
		AF7F66AD23F17662006662A4 /* Resources */ = {
			isa = PBXResourcesBuildPhase;
			buildActionMask = 2147483647;
			files = (
				AF2B789223F433B9009C1474 /* SearchCollectionViewCell.xib in Resources */,
				AF7F66BF23F17667006662A4 /* LaunchScreen.storyboard in Resources */,
				AF7F66BC23F17667006662A4 /* Assets.xcassets in Resources */,
				AF9CFD9E23F5D96C0061E3F4 /* WebViewController.xib in Resources */,
				AF7F66F123F17941006662A4 /* FavoriteViewController.xib in Resources */,
				AF9AE87823F2D01C00914BB5 /* LoadingCollectionViewCell.xib in Resources */,
				AF2B789D23F45EAC009C1474 /* FavoriteCollectionViewCell.xib in Resources */,
				AF7F66E523F17705006662A4 /* SearchViewController.xib in Resources */,
				AF2B78A223F48CF8009C1474 /* DetailsViewController.xib in Resources */,
			);
			runOnlyForDeploymentPostprocessing = 0;
		};
		AF7F66C323F17668006662A4 /* Resources */ = {
			isa = PBXResourcesBuildPhase;
			buildActionMask = 2147483647;
			files = (
			);
			runOnlyForDeploymentPostprocessing = 0;
		};
		AF7F66CE23F17668006662A4 /* Resources */ = {
			isa = PBXResourcesBuildPhase;
			buildActionMask = 2147483647;
			files = (
			);
			runOnlyForDeploymentPostprocessing = 0;
		};
/* End PBXResourcesBuildPhase section */

/* Begin PBXShellScriptBuildPhase section */
		85ACA02FBFD6AAB58DDD1EA9 /* [CP] Embed Pods Frameworks */ = {
			isa = PBXShellScriptBuildPhase;
			buildActionMask = 2147483647;
			files = (
			);
			inputFileListPaths = (
				"${PODS_ROOT}/Target Support Files/Pods-GameStore/Pods-GameStore-frameworks-${CONFIGURATION}-input-files.xcfilelist",
			);
			name = "[CP] Embed Pods Frameworks";
			outputFileListPaths = (
				"${PODS_ROOT}/Target Support Files/Pods-GameStore/Pods-GameStore-frameworks-${CONFIGURATION}-output-files.xcfilelist",
			);
			runOnlyForDeploymentPostprocessing = 0;
			shellPath = /bin/sh;
			shellScript = "\"${PODS_ROOT}/Target Support Files/Pods-GameStore/Pods-GameStore-frameworks.sh\"\n";
			showEnvVarsInLog = 0;
		};
		AC5EAF6691B6CC0B82412009 /* [CP] Check Pods Manifest.lock */ = {
			isa = PBXShellScriptBuildPhase;
			buildActionMask = 2147483647;
			files = (
			);
			inputFileListPaths = (
			);
			inputPaths = (
				"${PODS_PODFILE_DIR_PATH}/Podfile.lock",
				"${PODS_ROOT}/Manifest.lock",
			);
			name = "[CP] Check Pods Manifest.lock";
			outputFileListPaths = (
			);
			outputPaths = (
				"$(DERIVED_FILE_DIR)/Pods-GameStore-GameStoreUITests-checkManifestLockResult.txt",
			);
			runOnlyForDeploymentPostprocessing = 0;
			shellPath = /bin/sh;
			shellScript = "diff \"${PODS_PODFILE_DIR_PATH}/Podfile.lock\" \"${PODS_ROOT}/Manifest.lock\" > /dev/null\nif [ $? != 0 ] ; then\n    # print error to STDERR\n    echo \"error: The sandbox is not in sync with the Podfile.lock. Run 'pod install' or update your CocoaPods installation.\" >&2\n    exit 1\nfi\n# This output is used by Xcode 'outputs' to avoid re-running this script phase.\necho \"SUCCESS\" > \"${SCRIPT_OUTPUT_FILE_0}\"\n";
			showEnvVarsInLog = 0;
		};
		AFD5BFEA23F1AAA20076D158 /* ShellScript */ = {
			isa = PBXShellScriptBuildPhase;
			buildActionMask = 2147483647;
			files = (
			);
			inputFileListPaths = (
			);
			inputPaths = (
				"$TEMP_DIR/rswift-lastrun",
			);
			outputFileListPaths = (
			);
			outputPaths = (
				$SRCROOT/GameStore/GeneratedFiles/R.generated.swift,
			);
			runOnlyForDeploymentPostprocessing = 0;
			shellPath = /bin/sh;
			shellScript = "# Type a script or drag a script file from your workspace to insert its path.\n\"$PODS_ROOT/R.swift/rswift\" generate \"$SRCROOT/GameStore/GeneratedFiles/R.generated.swift\"\n";
		};
		CE11D99CD2EC38FB1D2A461B /* [CP] Check Pods Manifest.lock */ = {
			isa = PBXShellScriptBuildPhase;
			buildActionMask = 2147483647;
			files = (
			);
			inputFileListPaths = (
			);
			inputPaths = (
				"${PODS_PODFILE_DIR_PATH}/Podfile.lock",
				"${PODS_ROOT}/Manifest.lock",
			);
			name = "[CP] Check Pods Manifest.lock";
			outputFileListPaths = (
			);
			outputPaths = (
				"$(DERIVED_FILE_DIR)/Pods-GameStore-checkManifestLockResult.txt",
			);
			runOnlyForDeploymentPostprocessing = 0;
			shellPath = /bin/sh;
			shellScript = "diff \"${PODS_PODFILE_DIR_PATH}/Podfile.lock\" \"${PODS_ROOT}/Manifest.lock\" > /dev/null\nif [ $? != 0 ] ; then\n    # print error to STDERR\n    echo \"error: The sandbox is not in sync with the Podfile.lock. Run 'pod install' or update your CocoaPods installation.\" >&2\n    exit 1\nfi\n# This output is used by Xcode 'outputs' to avoid re-running this script phase.\necho \"SUCCESS\" > \"${SCRIPT_OUTPUT_FILE_0}\"\n";
			showEnvVarsInLog = 0;
		};
		D1F782FF4518A03354515114 /* [CP] Check Pods Manifest.lock */ = {
			isa = PBXShellScriptBuildPhase;
			buildActionMask = 2147483647;
			files = (
			);
			inputFileListPaths = (
			);
			inputPaths = (
				"${PODS_PODFILE_DIR_PATH}/Podfile.lock",
				"${PODS_ROOT}/Manifest.lock",
			);
			name = "[CP] Check Pods Manifest.lock";
			outputFileListPaths = (
			);
			outputPaths = (
				"$(DERIVED_FILE_DIR)/Pods-GameStoreTests-checkManifestLockResult.txt",
			);
			runOnlyForDeploymentPostprocessing = 0;
			shellPath = /bin/sh;
			shellScript = "diff \"${PODS_PODFILE_DIR_PATH}/Podfile.lock\" \"${PODS_ROOT}/Manifest.lock\" > /dev/null\nif [ $? != 0 ] ; then\n    # print error to STDERR\n    echo \"error: The sandbox is not in sync with the Podfile.lock. Run 'pod install' or update your CocoaPods installation.\" >&2\n    exit 1\nfi\n# This output is used by Xcode 'outputs' to avoid re-running this script phase.\necho \"SUCCESS\" > \"${SCRIPT_OUTPUT_FILE_0}\"\n";
			showEnvVarsInLog = 0;
		};
		E80E463282542EE99B52585F /* [CP] Embed Pods Frameworks */ = {
			isa = PBXShellScriptBuildPhase;
			buildActionMask = 2147483647;
			files = (
			);
			inputFileListPaths = (
				"${PODS_ROOT}/Target Support Files/Pods-GameStore-GameStoreUITests/Pods-GameStore-GameStoreUITests-frameworks-${CONFIGURATION}-input-files.xcfilelist",
			);
			name = "[CP] Embed Pods Frameworks";
			outputFileListPaths = (
				"${PODS_ROOT}/Target Support Files/Pods-GameStore-GameStoreUITests/Pods-GameStore-GameStoreUITests-frameworks-${CONFIGURATION}-output-files.xcfilelist",
			);
			runOnlyForDeploymentPostprocessing = 0;
			shellPath = /bin/sh;
			shellScript = "\"${PODS_ROOT}/Target Support Files/Pods-GameStore-GameStoreUITests/Pods-GameStore-GameStoreUITests-frameworks.sh\"\n";
			showEnvVarsInLog = 0;
		};
/* End PBXShellScriptBuildPhase section */

/* Begin PBXSourcesBuildPhase section */
		AF7F66AB23F17662006662A4 /* Sources */ = {
			isa = PBXSourcesBuildPhase;
			buildActionMask = 2147483647;
			files = (
				AFD5C02223F293070076D158 /* URLComponents+addQuery.swift in Sources */,
				AF2B789023F42394009C1474 /* SearchCollectionViewCell.swift in Sources */,
				AFB662EF23F53AB500EDBC24 /* GradientView.swift in Sources */,
				AF2B788C23F42271009C1474 /* FavoriteCellViewModel.swift in Sources */,
				AFD5C02723F296EC0076D158 /* RequestPath.swift in Sources */,
				AF9AE87723F2D01C00914BB5 /* LoadingCollectionViewCell.swift in Sources */,
				AFD5C01623F291C20076D158 /* Networking.swift in Sources */,
				AF7F66E923F17779006662A4 /* MainViewController.swift in Sources */,
				AFB662F423F5583F00EDBC24 /* Notifications.swift in Sources */,
				AF9CFDAD23F616980061E3F4 /* SeenItemsRepository.swift in Sources */,
				AFB662EC23F5295500EDBC24 /* GameDetails.swift in Sources */,
				AFD5C02423F295430076D158 /* AppConstants.swift in Sources */,
				AF2B789B23F43736009C1474 /* FavoriteViewModel.swift in Sources */,
				AF9CFDAB23F60D200061E3F4 /* GameRepository.swift in Sources */,
				AFD5C01923F292020076D158 /* EndpointProviding.swift in Sources */,
				AFC8CF2623F29772005EEFD0 /* GamesService.swift in Sources */,
				AF5964ED23F5217200148996 /* DetailsViewModel.swift in Sources */,
				AF2B78A123F48CF8009C1474 /* DetailsViewController.swift in Sources */,
				AFD5BFEE23F1AD920076D158 /* R.generated.swift in Sources */,
				AF7F66E423F17705006662A4 /* SearchViewController.swift in Sources */,
				AFC8CF2B23F298F1005EEFD0 /* SearchGamesResponse.swift in Sources */,
				AF9AE87E23F400A300914BB5 /* LocalStorage.swift in Sources */,
				AF2B789923F43463009C1474 /* FavoriteCollectionViewCell.swift in Sources */,
				AF6F6BE423F19ED600995123 /* UITableView+register.swift in Sources */,
				AF9CFD9A23F5CD450061E3F4 /* AlertDisplay.swift in Sources */,
				AF7F66F023F17941006662A4 /* FavoriteViewController.swift in Sources */,
				AFD5C01223F28C990076D158 /* SearchViewModel.swift in Sources */,
				AFB662F123F5419F00EDBC24 /* String+htmlStripped.swift in Sources */,
				AF7F66B323F17662006662A4 /* AppDelegate.swift in Sources */,
				AF6F6BE223F19EAF00995123 /* ClassName.swift in Sources */,
				AF9AE87B23F31EAC00914BB5 /* FavoriteRepository.swift in Sources */,
				AF9CFD9D23F5D96C0061E3F4 /* WebViewController.swift in Sources */,
				AF6F6BE623F19F3500995123 /* UICollectionView+register.swift in Sources */,
				AF2B789423F433E7009C1474 /* SearchCellViewModel.swift in Sources */,
				AF2B78A423F4921A009C1474 /* UILabelView+isTruncated.swift in Sources */,
				AFD5C01F23F292C80076D158 /* GamesEndpoint.swift in Sources */,
			);
			runOnlyForDeploymentPostprocessing = 0;
		};
		AF7F66C123F17668006662A4 /* Sources */ = {
			isa = PBXSourcesBuildPhase;
			buildActionMask = 2147483647;
			files = (
				AF7F66CA23F17668006662A4 /* GamesAppTests.swift in Sources */,
			);
			runOnlyForDeploymentPostprocessing = 0;
		};
		AF7F66CC23F17668006662A4 /* Sources */ = {
			isa = PBXSourcesBuildPhase;
			buildActionMask = 2147483647;
			files = (
				AF7F66D523F17668006662A4 /* GamesAppUITests.swift in Sources */,
			);
			runOnlyForDeploymentPostprocessing = 0;
		};
/* End PBXSourcesBuildPhase section */

/* Begin PBXTargetDependency section */
		AF7F66C723F17668006662A4 /* PBXTargetDependency */ = {
			isa = PBXTargetDependency;
			target = AF7F66AE23F17662006662A4 /* GameStore */;
			targetProxy = AF7F66C623F17668006662A4 /* PBXContainerItemProxy */;
		};
		AF7F66D223F17668006662A4 /* PBXTargetDependency */ = {
			isa = PBXTargetDependency;
			target = AF7F66AE23F17662006662A4 /* GameStore */;
			targetProxy = AF7F66D123F17668006662A4 /* PBXContainerItemProxy */;
		};
/* End PBXTargetDependency section */

/* Begin PBXVariantGroup section */
		AF7F66BD23F17667006662A4 /* LaunchScreen.storyboard */ = {
			isa = PBXVariantGroup;
			children = (
				AF7F66BE23F17667006662A4 /* Base */,
			);
			name = LaunchScreen.storyboard;
			sourceTree = "<group>";
		};
/* End PBXVariantGroup section */

/* Begin XCBuildConfiguration section */
		AF7F66D723F17668006662A4 /* Debug */ = {
			isa = XCBuildConfiguration;
			buildSettings = {
				ALWAYS_SEARCH_USER_PATHS = NO;
				CLANG_ANALYZER_NONNULL = YES;
				CLANG_ANALYZER_NUMBER_OBJECT_CONVERSION = YES_AGGRESSIVE;
				CLANG_CXX_LANGUAGE_STANDARD = "gnu++14";
				CLANG_CXX_LIBRARY = "libc++";
				CLANG_ENABLE_MODULES = YES;
				CLANG_ENABLE_OBJC_ARC = YES;
				CLANG_ENABLE_OBJC_WEAK = YES;
				CLANG_WARN_BLOCK_CAPTURE_AUTORELEASING = YES;
				CLANG_WARN_BOOL_CONVERSION = YES;
				CLANG_WARN_COMMA = YES;
				CLANG_WARN_CONSTANT_CONVERSION = YES;
				CLANG_WARN_DEPRECATED_OBJC_IMPLEMENTATIONS = YES;
				CLANG_WARN_DIRECT_OBJC_ISA_USAGE = YES_ERROR;
				CLANG_WARN_DOCUMENTATION_COMMENTS = YES;
				CLANG_WARN_EMPTY_BODY = YES;
				CLANG_WARN_ENUM_CONVERSION = YES;
				CLANG_WARN_INFINITE_RECURSION = YES;
				CLANG_WARN_INT_CONVERSION = YES;
				CLANG_WARN_NON_LITERAL_NULL_CONVERSION = YES;
				CLANG_WARN_OBJC_IMPLICIT_RETAIN_SELF = YES;
				CLANG_WARN_OBJC_LITERAL_CONVERSION = YES;
				CLANG_WARN_OBJC_ROOT_CLASS = YES_ERROR;
				CLANG_WARN_RANGE_LOOP_ANALYSIS = YES;
				CLANG_WARN_STRICT_PROTOTYPES = YES;
				CLANG_WARN_SUSPICIOUS_MOVE = YES;
				CLANG_WARN_UNGUARDED_AVAILABILITY = YES_AGGRESSIVE;
				CLANG_WARN_UNREACHABLE_CODE = YES;
				CLANG_WARN__DUPLICATE_METHOD_MATCH = YES;
				COPY_PHASE_STRIP = NO;
				DEBUG_INFORMATION_FORMAT = dwarf;
				ENABLE_STRICT_OBJC_MSGSEND = YES;
				ENABLE_TESTABILITY = YES;
				GCC_C_LANGUAGE_STANDARD = gnu11;
				GCC_DYNAMIC_NO_PIC = NO;
				GCC_NO_COMMON_BLOCKS = YES;
				GCC_OPTIMIZATION_LEVEL = 0;
				GCC_PREPROCESSOR_DEFINITIONS = (
					"DEBUG=1",
					"$(inherited)",
				);
				GCC_WARN_64_TO_32_BIT_CONVERSION = YES;
				GCC_WARN_ABOUT_RETURN_TYPE = YES_ERROR;
				GCC_WARN_UNDECLARED_SELECTOR = YES;
				GCC_WARN_UNINITIALIZED_AUTOS = YES_AGGRESSIVE;
				GCC_WARN_UNUSED_FUNCTION = YES;
				GCC_WARN_UNUSED_VARIABLE = YES;
				IPHONEOS_DEPLOYMENT_TARGET = 11.0;
				MTL_ENABLE_DEBUG_INFO = INCLUDE_SOURCE;
				MTL_FAST_MATH = YES;
				ONLY_ACTIVE_ARCH = YES;
				SDKROOT = iphoneos;
				SWIFT_ACTIVE_COMPILATION_CONDITIONS = DEBUG;
				SWIFT_OPTIMIZATION_LEVEL = "-Onone";
			};
			name = Debug;
		};
		AF7F66D823F17668006662A4 /* Release */ = {
			isa = XCBuildConfiguration;
			buildSettings = {
				ALWAYS_SEARCH_USER_PATHS = NO;
				CLANG_ANALYZER_NONNULL = YES;
				CLANG_ANALYZER_NUMBER_OBJECT_CONVERSION = YES_AGGRESSIVE;
				CLANG_CXX_LANGUAGE_STANDARD = "gnu++14";
				CLANG_CXX_LIBRARY = "libc++";
				CLANG_ENABLE_MODULES = YES;
				CLANG_ENABLE_OBJC_ARC = YES;
				CLANG_ENABLE_OBJC_WEAK = YES;
				CLANG_WARN_BLOCK_CAPTURE_AUTORELEASING = YES;
				CLANG_WARN_BOOL_CONVERSION = YES;
				CLANG_WARN_COMMA = YES;
				CLANG_WARN_CONSTANT_CONVERSION = YES;
				CLANG_WARN_DEPRECATED_OBJC_IMPLEMENTATIONS = YES;
				CLANG_WARN_DIRECT_OBJC_ISA_USAGE = YES_ERROR;
				CLANG_WARN_DOCUMENTATION_COMMENTS = YES;
				CLANG_WARN_EMPTY_BODY = YES;
				CLANG_WARN_ENUM_CONVERSION = YES;
				CLANG_WARN_INFINITE_RECURSION = YES;
				CLANG_WARN_INT_CONVERSION = YES;
				CLANG_WARN_NON_LITERAL_NULL_CONVERSION = YES;
				CLANG_WARN_OBJC_IMPLICIT_RETAIN_SELF = YES;
				CLANG_WARN_OBJC_LITERAL_CONVERSION = YES;
				CLANG_WARN_OBJC_ROOT_CLASS = YES_ERROR;
				CLANG_WARN_RANGE_LOOP_ANALYSIS = YES;
				CLANG_WARN_STRICT_PROTOTYPES = YES;
				CLANG_WARN_SUSPICIOUS_MOVE = YES;
				CLANG_WARN_UNGUARDED_AVAILABILITY = YES_AGGRESSIVE;
				CLANG_WARN_UNREACHABLE_CODE = YES;
				CLANG_WARN__DUPLICATE_METHOD_MATCH = YES;
				COPY_PHASE_STRIP = NO;
				DEBUG_INFORMATION_FORMAT = "dwarf-with-dsym";
				ENABLE_NS_ASSERTIONS = NO;
				ENABLE_STRICT_OBJC_MSGSEND = YES;
				GCC_C_LANGUAGE_STANDARD = gnu11;
				GCC_NO_COMMON_BLOCKS = YES;
				GCC_WARN_64_TO_32_BIT_CONVERSION = YES;
				GCC_WARN_ABOUT_RETURN_TYPE = YES_ERROR;
				GCC_WARN_UNDECLARED_SELECTOR = YES;
				GCC_WARN_UNINITIALIZED_AUTOS = YES_AGGRESSIVE;
				GCC_WARN_UNUSED_FUNCTION = YES;
				GCC_WARN_UNUSED_VARIABLE = YES;
				IPHONEOS_DEPLOYMENT_TARGET = 11.0;
				MTL_ENABLE_DEBUG_INFO = NO;
				MTL_FAST_MATH = YES;
				SDKROOT = iphoneos;
				SWIFT_COMPILATION_MODE = wholemodule;
				SWIFT_OPTIMIZATION_LEVEL = "-O";
				VALIDATE_PRODUCT = YES;
			};
			name = Release;
		};
		AF7F66DA23F17668006662A4 /* Debug */ = {
			isa = XCBuildConfiguration;
			baseConfigurationReference = AC94668DF3A4B4C5BAD9D25C /* Pods-GameStore.debug.xcconfig */;
			buildSettings = {
				ASSETCATALOG_COMPILER_APPICON_NAME = AppIcon;
				CODE_SIGN_IDENTITY = "Apple Development";
				CODE_SIGN_STYLE = Automatic;
				DEVELOPMENT_TEAM = 4G28F4E9F6;
				INFOPLIST_FILE = "$(SRCROOT)/GameStore/SupportingFiles/Info.plist";
				LD_RUNPATH_SEARCH_PATHS = (
					"$(inherited)",
					"@executable_path/Frameworks",
				);
				PRODUCT_BUNDLE_IDENTIFIER = elgendy.dev.GameStore;
				PRODUCT_NAME = GameStore;
				PROVISIONING_PROFILE_SPECIFIER = "";
				SWIFT_VERSION = 5.0;
				TARGETED_DEVICE_FAMILY = "1,2";
			};
			name = Debug;
		};
		AF7F66DB23F17668006662A4 /* Release */ = {
			isa = XCBuildConfiguration;
			baseConfigurationReference = 80A8302497847009DAA9AF36 /* Pods-GameStore.release.xcconfig */;
			buildSettings = {
				ASSETCATALOG_COMPILER_APPICON_NAME = AppIcon;
				CODE_SIGN_IDENTITY = "Apple Development";
				CODE_SIGN_STYLE = Automatic;
				DEVELOPMENT_TEAM = 4G28F4E9F6;
				INFOPLIST_FILE = "$(SRCROOT)/GameStore/SupportingFiles/Info.plist";
				LD_RUNPATH_SEARCH_PATHS = (
					"$(inherited)",
					"@executable_path/Frameworks",
				);
				PRODUCT_BUNDLE_IDENTIFIER = elgendy.dev.GameStore;
				PRODUCT_NAME = GameStore;
				PROVISIONING_PROFILE_SPECIFIER = "";
				SWIFT_VERSION = 5.0;
				TARGETED_DEVICE_FAMILY = "1,2";
			};
			name = Release;
		};
		AF7F66DD23F17668006662A4 /* Debug */ = {
			isa = XCBuildConfiguration;
			baseConfigurationReference = F8EE144B99A25C39CDC8880C /* Pods-GameStoreTests.debug.xcconfig */;
			buildSettings = {
				ALWAYS_EMBED_SWIFT_STANDARD_LIBRARIES = YES;
				BUNDLE_LOADER = "$(TEST_HOST)";
				CODE_SIGN_STYLE = Automatic;
				DEVELOPMENT_TEAM = 4G28F4E9F6;
				INFOPLIST_FILE = GamesAppTests/Info.plist;
				IPHONEOS_DEPLOYMENT_TARGET = 13.2;
				LD_RUNPATH_SEARCH_PATHS = (
					"$(inherited)",
					"@executable_path/Frameworks",
					"@loader_path/Frameworks",
				);
				PRODUCT_BUNDLE_IDENTIFIER = elgendy.dev.GamesAppTests;
				PRODUCT_NAME = "$(TARGET_NAME)";
				SWIFT_VERSION = 5.0;
				TARGETED_DEVICE_FAMILY = "1,2";
				TEST_HOST = "$(BUILT_PRODUCTS_DIR)/GameStore.app/GameStore";
			};
			name = Debug;
		};
		AF7F66DE23F17668006662A4 /* Release */ = {
			isa = XCBuildConfiguration;
			baseConfigurationReference = 99A9AD65EE2E4BED11DFE694 /* Pods-GameStoreTests.release.xcconfig */;
			buildSettings = {
				ALWAYS_EMBED_SWIFT_STANDARD_LIBRARIES = YES;
				BUNDLE_LOADER = "$(TEST_HOST)";
				CODE_SIGN_STYLE = Automatic;
				DEVELOPMENT_TEAM = 4G28F4E9F6;
				INFOPLIST_FILE = GamesAppTests/Info.plist;
				IPHONEOS_DEPLOYMENT_TARGET = 13.2;
				LD_RUNPATH_SEARCH_PATHS = (
					"$(inherited)",
					"@executable_path/Frameworks",
					"@loader_path/Frameworks",
				);
				PRODUCT_BUNDLE_IDENTIFIER = elgendy.dev.GamesAppTests;
				PRODUCT_NAME = "$(TARGET_NAME)";
				SWIFT_VERSION = 5.0;
				TARGETED_DEVICE_FAMILY = "1,2";
				TEST_HOST = "$(BUILT_PRODUCTS_DIR)/GameStore.app/GameStore";
			};
			name = Release;
		};
		AF7F66E023F17668006662A4 /* Debug */ = {
			isa = XCBuildConfiguration;
			baseConfigurationReference = 2A1184CEF3FCBFF2DD8DF984 /* Pods-GameStore-GameStoreUITests.debug.xcconfig */;
			buildSettings = {
				ALWAYS_EMBED_SWIFT_STANDARD_LIBRARIES = YES;
				CODE_SIGN_STYLE = Automatic;
				DEVELOPMENT_TEAM = 4G28F4E9F6;
				INFOPLIST_FILE = GamesAppUITests/Info.plist;
				LD_RUNPATH_SEARCH_PATHS = (
					"$(inherited)",
					"@executable_path/Frameworks",
					"@loader_path/Frameworks",
				);
				PRODUCT_BUNDLE_IDENTIFIER = elgendy.dev.GamesAppUITests;
				PRODUCT_NAME = "$(TARGET_NAME)";
				SWIFT_VERSION = 5.0;
				TARGETED_DEVICE_FAMILY = "1,2";
				TEST_TARGET_NAME = GamesApp;
			};
			name = Debug;
		};
		AF7F66E123F17668006662A4 /* Release */ = {
			isa = XCBuildConfiguration;
			baseConfigurationReference = ADDDE153D2877BD4344026C0 /* Pods-GameStore-GameStoreUITests.release.xcconfig */;
			buildSettings = {
				ALWAYS_EMBED_SWIFT_STANDARD_LIBRARIES = YES;
				CODE_SIGN_STYLE = Automatic;
				DEVELOPMENT_TEAM = 4G28F4E9F6;
				INFOPLIST_FILE = GamesAppUITests/Info.plist;
				LD_RUNPATH_SEARCH_PATHS = (
					"$(inherited)",
					"@executable_path/Frameworks",
					"@loader_path/Frameworks",
				);
				PRODUCT_BUNDLE_IDENTIFIER = elgendy.dev.GamesAppUITests;
				PRODUCT_NAME = "$(TARGET_NAME)";
				SWIFT_VERSION = 5.0;
				TARGETED_DEVICE_FAMILY = "1,2";
				TEST_TARGET_NAME = GamesApp;
			};
			name = Release;
		};
/* End XCBuildConfiguration section */

/* Begin XCConfigurationList section */
		AF7F66AA23F17662006662A4 /* Build configuration list for PBXProject "GameStore" */ = {
			isa = XCConfigurationList;
			buildConfigurations = (
				AF7F66D723F17668006662A4 /* Debug */,
				AF7F66D823F17668006662A4 /* Release */,
			);
			defaultConfigurationIsVisible = 0;
			defaultConfigurationName = Release;
		};
		AF7F66D923F17668006662A4 /* Build configuration list for PBXNativeTarget "GameStore" */ = {
			isa = XCConfigurationList;
			buildConfigurations = (
				AF7F66DA23F17668006662A4 /* Debug */,
				AF7F66DB23F17668006662A4 /* Release */,
			);
			defaultConfigurationIsVisible = 0;
			defaultConfigurationName = Release;
		};
		AF7F66DC23F17668006662A4 /* Build configuration list for PBXNativeTarget "GameStoreTests" */ = {
			isa = XCConfigurationList;
			buildConfigurations = (
				AF7F66DD23F17668006662A4 /* Debug */,
				AF7F66DE23F17668006662A4 /* Release */,
			);
			defaultConfigurationIsVisible = 0;
			defaultConfigurationName = Release;
		};
		AF7F66DF23F17668006662A4 /* Build configuration list for PBXNativeTarget "GameStoreUITests" */ = {
			isa = XCConfigurationList;
			buildConfigurations = (
				AF7F66E023F17668006662A4 /* Debug */,
				AF7F66E123F17668006662A4 /* Release */,
			);
			defaultConfigurationIsVisible = 0;
			defaultConfigurationName = Release;
		};
/* End XCConfigurationList section */
	};
	rootObject = AF7F66A723F17662006662A4 /* Project object */;
}
